
Microsoft Visual Studio Solution File, Format Version 12.00
# Visual Studio Version 17
VisualStudioVersion = 17.4.33205.214
MinimumVisualStudioVersion = 10.0.40219.1
Project("{FAE04EC0-301F-11D3-BF4B-00C04F79EFBC}") = "Task 8_6_2", "Task 8_6_2\Task 8_6_2.csproj", "{8FA9B217-D516-4298-9418-8D2274CD4D8A}"
EndProject
Global
	GlobalSection(SolutionConfigurationPlatforms) = preSolution
		Debug|Any CPU = Debug|Any CPU
		Release|Any CPU = Release|Any CPU
	EndGlobalSection
	GlobalSection(ProjectConfigurationPlatforms) = postSolution
		{8FA9B217-D516-4298-9418-8D2274CD4D8A}.Debug|Any CPU.ActiveCfg = Debug|Any CPU
		{8FA9B217-D516-4298-9418-8D2274CD4D8A}.Debug|Any CPU.Build.0 = Debug|Any CPU
		{8FA9B217-D516-4298-9418-8D2274CD4D8A}.Release|Any CPU.ActiveCfg = Release|Any CPU
		{8FA9B217-D516-4298-9418-8D2274CD4D8A}.Release|Any CPU.Build.0 = Release|Any CPU
	EndGlobalSection
	GlobalSection(SolutionProperties) = preSolution
		HideSolutionNode = FALSE
	EndGlobalSection
	GlobalSection(ExtensibilityGlobals) = postSolution
		SolutionGuid = {5ABD7A3F-616E-4702-8453-2B3244A53050}
	EndGlobalSection
EndGlobal
