
Microsoft Visual Studio Solution File, Format Version 12.00
# Visual Studio Version 17
VisualStudioVersion = 17.4.33205.214
MinimumVisualStudioVersion = 10.0.40219.1
Project("{FAE04EC0-301F-11D3-BF4B-00C04F79EFBC}") = "ConsoleApp1", "ConsoleApp1\ConsoleApp1.csproj", "{BC1D2C14-02D6-415C-8896-92C1A033CEE8}"
EndProject
Global
	GlobalSection(SolutionConfigurationPlatforms) = preSolution
		Debug|Any CPU = Debug|Any CPU
		Release|Any CPU = Release|Any CPU
	EndGlobalSection
	GlobalSection(ProjectConfigurationPlatforms) = postSolution
		{BC1D2C14-02D6-415C-8896-92C1A033CEE8}.Debug|Any CPU.ActiveCfg = Debug|Any CPU
		{BC1D2C14-02D6-415C-8896-92C1A033CEE8}.Debug|Any CPU.Build.0 = Debug|Any CPU
		{BC1D2C14-02D6-415C-8896-92C1A033CEE8}.Release|Any CPU.ActiveCfg = Release|Any CPU
		{BC1D2C14-02D6-415C-8896-92C1A033CEE8}.Release|Any CPU.Build.0 = Release|Any CPU
	EndGlobalSection
	GlobalSection(SolutionProperties) = preSolution
		HideSolutionNode = FALSE
	EndGlobalSection
	GlobalSection(ExtensibilityGlobals) = postSolution
		SolutionGuid = {E451C095-9B66-4115-AD12-A1F872A1A5C0}
	EndGlobalSection
EndGlobal
